# This file was autogenerated by Stack.
# You should not edit this file by hand.
# For more information, please see the documentation at:
#   https://docs.haskellstack.org/en/stable/lock_files

packages:
- completed:
    hackage: ekg-prometheus-adapter-0.1.0.3@sha256:0520a0f69668a1fcec80c7658e4489004b2f325ad86cf06f770d1e8670ef4d78,1427
    pantry-tree:
      size: 300
      sha256: 6fbca6e7de97a432ee1d1aeebccd8261f9a45c63d9ac1323352e9a589b890390
  original:
    hackage: ekg-prometheus-adapter-0.1.0.3
- completed:
    hackage: katip-0.3.1.4@sha256:ee2c83ab9ecea431ff07072982bfe4532f150864fca9555babcf8fa38bc004eb,3949
    pantry-tree:
      size: 1139
      sha256: b252bc8264ea3c31303e69facd6f438ec892ebc833da42652c06491f190afc6f
  original:
    hackage: katip-0.3.1.4
- completed:
    hackage: prometheus-0.4.1@sha256:90b88e9a2cddf14e618008941e6ad8cd8b3e8519493db1c871eb15a2c0de68ad,3718
    pantry-tree:
      size: 1464
      sha256: 87668f0691cd47af27f1b9eae4667e5ec07864db5f07fbe6fdf4a916b92afd2c
  original:
    hackage: prometheus-0.4.1
snapshots:
- completed:
    size: 423183
    url: https://raw.githubusercontent.com/commercialhaskell/stackage-snapshots/master/lts/7/14.yaml
    sha256: c13093dadf5d8b43c919d4ff9fc0b2d84950b42d0387a332432bdde92c8cfbd4
  original: lts-7.14
