# This file was autogenerated by Stack.
# You should not edit this file by hand.
# For more information, please see the documentation at:
#   https://docs.haskellstack.org/en/stable/lock_files

packages:
- completed:
    hackage: ekg-prometheus-adapter-0.1.0.4@sha256:d95487be7f282976cfb23c5b3826eaa1a279aff1e3821b29cf60ad3164e903ab,1494
    pantry-tree:
      size: 300
      sha256: 7879229e738c82a340a9c5584a39771df432ef2e36c62430ee2b4160e2f562cd
  original:
    hackage: ekg-prometheus-adapter-0.1.0.4@sha256:d95487be7f282976cfb23c5b3826eaa1a279aff1e3821b29cf60ad3164e903ab,1494
- completed:
    hackage: wai-middleware-metrics-0.2.4@sha256:d6b6916acd41aaef4ca59a839d40a3a377f9df784ae49fd4c64926ae916b6ba2,2890
    pantry-tree:
      size: 330
      sha256: 99366b831109417cd8e739fb45e9fd214cb79f28a507f8154e5528120042d0ac
  original:
    hackage: wai-middleware-metrics-0.2.4@sha256:d6b6916acd41aaef4ca59a839d40a3a377f9df784ae49fd4c64926ae916b6ba2,2890
snapshots:
- completed:
    size: 563099
    url: https://raw.githubusercontent.com/commercialhaskell/stackage-snapshots/master/lts/17/2.yaml
    sha256: 92b1a17e31d0a978fca4bf270305d4d1dd8092271bf60eafbc9349c890854026
  original: lts-17.2
