# This file was autogenerated by Stack.
# You should not edit this file by hand.
# For more information, please see the documentation at:
#   https://docs.haskellstack.org/en/stable/lock_files

packages:
- completed:
    hackage: wai-middleware-metrics-0.2.4@sha256:d6b6916acd41aaef4ca59a839d40a3a377f9df784ae49fd4c64926ae916b6ba2,2890
    pantry-tree:
      size: 330
      sha256: 99366b831109417cd8e739fb45e9fd214cb79f28a507f8154e5528120042d0ac
  original:
    hackage: wai-middleware-metrics-0.2.4@sha256:d6b6916acd41aaef4ca59a839d40a3a377f9df784ae49fd4c64926ae916b6ba2,2890
- completed:
    hackage: ekg-core-0.1.1.7@sha256:c4356aefea0e1e2f80a236d3b3f81b83b445c1e53519302e96477da0adee2e9f,2039
    pantry-tree:
      size: 1073
      sha256: f403baeb7787c69c5e28f5aa1e94f78d4363beb19362d66f18de4a1aef0723fe
  original:
    hackage: ekg-core-0.1.1.7
- completed:
    name: ekg-prometheus-adapter
    version: 0.2.0.0
    git: git@github.com:adinapoli/ekg-prometheus-adapter.git
    pantry-tree:
      size: 630
      sha256: 231133ba19852645e036e29e9fdfe89fb586f51784be270bb200d303a84d1b5b
    commit: d872fe538d4b1e3587726c784dd6356cc27f5c3f
  original:
    git: git@github.com:adinapoli/ekg-prometheus-adapter.git
    commit: d872fe538d4b1e3587726c784dd6356cc27f5c3f
- completed:
    hackage: shelly-1.8.2@sha256:570ae1bae6f57439793737159cb70239d89409f4940116d36a2743fab17c8534,5586
    pantry-tree:
      size: 2315
      sha256: 404811e29f4f418f795538a3bc4244def1e0de4834f26ee22d056fc7903fddc2
  original:
    hackage: shelly-1.8.2
snapshots:
- completed:
    size: 590400
    url: https://raw.githubusercontent.com/commercialhaskell/stackage-snapshots/master/nightly/2022/5/25.yaml
    sha256: 7a85ee0f3370aa860dcd1dab1e1fefa040613d4716c35b533098058787a295bf
  original: nightly-2022-05-25
